
Microsoft Visual Studio Solution File, Format Version 12.00
# Visual Studio 15
VisualStudioVersion = 15.0.27703.2026
MinimumVisualStudioVersion = 10.0.40219.1
Project("{FAE04EC0-301F-11D3-BF4B-00C04F79EFBC}") = "LoggerCore", "LoggerCore\LoggerCore.csproj", "{9004C2A1-F186-4BB6-A6EA-087FDEF78D1B}"
EndProject
Global
	GlobalSection(SolutionConfigurationPlatforms) = preSolution
		Debug|Any CPU = Debug|Any CPU
		Release|Any CPU = Release|Any CPU
	EndGlobalSection
	GlobalSection(ProjectConfigurationPlatforms) = postSolution
		{9004C2A1-F186-4BB6-A6EA-087FDEF78D1B}.Debug|Any CPU.ActiveCfg = Debug|Any CPU
		{9004C2A1-F186-4BB6-A6EA-087FDEF78D1B}.Debug|Any CPU.Build.0 = Debug|Any CPU
		{9004C2A1-F186-4BB6-A6EA-087FDEF78D1B}.Release|Any CPU.ActiveCfg = Release|Any CPU
		{9004C2A1-F186-4BB6-A6EA-087FDEF78D1B}.Release|Any CPU.Build.0 = Release|Any CPU
	EndGlobalSection
	GlobalSection(SolutionProperties) = preSolution
		HideSolutionNode = FALSE
	EndGlobalSection
	GlobalSection(ExtensibilityGlobals) = postSolution
		SolutionGuid = {0302AC9A-CA07-4DCE-8B16-FBE3FE78C433}
	EndGlobalSection
EndGlobal
